
Microsoft Visual Studio Solution File, Format Version 12.00
# Visual Studio 15
VisualStudioVersion = 15.0.28307.421
MinimumVisualStudioVersion = 10.0.40219.1
Project("{9A19103F-16F7-4668-BE54-9A1E7A4F7556}") = "DbSqlHelper", "DbSqlHelper\DbSqlHelper.csproj", "{AEBAB99C-355D-484C-9EB0-D1C1BB8EA963}"
EndProject
Project("{9A19103F-16F7-4668-BE54-9A1E7A4F7556}") = "DbSqlHelperTest", "DbSqlHelperTest\DbSqlHelperTest.csproj", "{1549124C-24A8-4E6F-8D67-310650DCC42C}"
EndProject
Project("{2150E333-8FDC-42A3-9474-1A3956D46DE8}") = "Solution items", "Solution items", "{B01D5EE1-FD1A-49DB-846A-5EBE5C893E8A}"
	ProjectSection(SolutionItems) = preProject
		.gitignore = .gitignore
		Changelog.md = Changelog.md
		Readme.md = Readme.md
	EndProjectSection
EndProject
Global
	GlobalSection(SolutionConfigurationPlatforms) = preSolution
		Debug|Any CPU = Debug|Any CPU
		Release|Any CPU = Release|Any CPU
	EndGlobalSection
	GlobalSection(ProjectConfigurationPlatforms) = postSolution
		{AEBAB99C-355D-484C-9EB0-D1C1BB8EA963}.Debug|Any CPU.ActiveCfg = Debug|Any CPU
		{AEBAB99C-355D-484C-9EB0-D1C1BB8EA963}.Debug|Any CPU.Build.0 = Debug|Any CPU
		{AEBAB99C-355D-484C-9EB0-D1C1BB8EA963}.Release|Any CPU.ActiveCfg = Release|Any CPU
		{AEBAB99C-355D-484C-9EB0-D1C1BB8EA963}.Release|Any CPU.Build.0 = Release|Any CPU
		{1549124C-24A8-4E6F-8D67-310650DCC42C}.Debug|Any CPU.ActiveCfg = Debug|Any CPU
		{1549124C-24A8-4E6F-8D67-310650DCC42C}.Debug|Any CPU.Build.0 = Debug|Any CPU
		{1549124C-24A8-4E6F-8D67-310650DCC42C}.Release|Any CPU.ActiveCfg = Release|Any CPU
		{1549124C-24A8-4E6F-8D67-310650DCC42C}.Release|Any CPU.Build.0 = Release|Any CPU
	EndGlobalSection
	GlobalSection(SolutionProperties) = preSolution
		HideSolutionNode = FALSE
	EndGlobalSection
	GlobalSection(ExtensibilityGlobals) = postSolution
		SolutionGuid = {C5EBF96F-6939-4D2E-9D42-7F34695207F0}
	EndGlobalSection
EndGlobal
